github.com/go-chi/chi/v5 v5.2.5 h1:Eg4myHZBjyvJmAFjFvWgrqDTXFyOzjj7YIm3L3mu6Ug=
github.com/go-chi/chi/v5 v5.2.5/go.mod h1:X7Gx4mteadT3eDOMTsXzmI4/rwUpOwBHLpAfupzFJP0=
github.com/ncruces/go-sqlite3 v0.33.2 h1:bzzdlEsURPqyQNU9OGKhYrL0k/9tEXrDCtNwa6n1aA0=
github.com/ncruces/go-sqlite3 v0.33.2/go.mod h1:xhwGW9DTCj/XvJQAOn1oyodYFYN7/nsw5bTH+Y9wPyE=
github.com/ncruces/go-sqlite3-wasm v1.0.4-0.20260329114232-2491c387476c h1:Fnw6J6r2trodoTlRk7mDo+ZXEnBSJFPmorGV7urtgvI=
github.com/ncruces/go-sqlite3-wasm v1.0.4-0.20260329114232-2491c387476c/go.mod h1:eewd1iQhpv/1qDXP83cfDk06Bpbhmt3EspN/0krcy70=
github.com/ncruces/julianday v1.0.0 h1:fH0OKwa7NWvniGQtxdJRxAgkBMolni2BjDHaWTxqt7M=
github.com/ncruces/julianday v1.0.0/go.mod h1:Dusn2KvZrrovOMJuOt0TNXL6tB7U2E8kvza5fFc9G7g=
github.com/tus/lockfile v1.2.0 h1:92dMoNyeb5zaNi8eQ79WLqt/npUWUFkaM5ZM9kOMIDM=
github.com/tus/lockfile v1.2.0/go.mod h1:JyfWCHNyfd7eGxudGohrkt38kuKRki6L0JH82p2e+mc=
github.com/tus/tusd/v2 v2.9.2 h1:Dd/Dh0CG7+/wom4lDQnnhca+1p5qVwgnbyEBacj1v7c=
github.com/tus/tusd/v2 v2.9.2/go.mod h1:+a9uNLru2Qy+CUu7QUIshmQ+X0fLNw77eu8voKVxmgA=
golang.org/x/crypto v0.49.0 h1:+Ng2ULVvLHnJ/ZFEq4KdcDd/cfjrrjjNSXNzxg0Y4U4=
golang.org/x/crypto v0.49.0/go.mod h1:ErX4dUh2UM+CFYiXZRTcMpEcN8b/1gxEuv3nODoYtCA=
golang.org/x/exp v0.0.0-20250106191152-7588d65b2ba8 h1:yqrTHse8TCMW1M1ZCP+VAR/l0kKxwaAIqN/il7x4voA=
golang.org/x/exp v0.0.0-20250106191152-7588d65b2ba8/go.mod h1:tujkw807nyEEAamNbDrEGzRav+ilXA7PCRAd6xsmwiU=
golang.org/x/sys v0.42.0 h1:omrd2nAlyT5ESRdCLYdm3+fMfNFE/+Rf4bDIQImRJeo=
golang.org/x/sys v0.42.0/go.mod h1:4GL1E5IUh+htKOUEOaiffhrAeqysfVGipDYzABqnCmw=
golang.org/x/text v0.35.0 h1:JOVx6vVDFokkpaq1AEptVzLTpDe9KGpj5tR4/X+ybL8=
golang.org/x/text v0.35.0/go.mod h1:khi/HExzZJ2pGnjenulevKNX1W67CUy0AsXcNubPGCA=
